
Microsoft Visual Studio Solution File, Format Version 12.00
# Visual Studio 15
VisualStudioVersion = 15.0.28307.572
MinimumVisualStudioVersion = 10.0.40219.1
Project("{FAE04EC0-301F-11D3-BF4B-00C04F79EFBC}") = "n.m._lab2.2", "n.m._lab2.2\n.m._lab2.2.csproj", "{CE87F11E-6E91-4423-8479-92E4EE5C5128}"
EndProject
Global
	GlobalSection(SolutionConfigurationPlatforms) = preSolution
		Debug|Any CPU = Debug|Any CPU
		Release|Any CPU = Release|Any CPU
	EndGlobalSection
	GlobalSection(ProjectConfigurationPlatforms) = postSolution
		{CE87F11E-6E91-4423-8479-92E4EE5C5128}.Debug|Any CPU.ActiveCfg = Debug|Any CPU
		{CE87F11E-6E91-4423-8479-92E4EE5C5128}.Debug|Any CPU.Build.0 = Debug|Any CPU
		{CE87F11E-6E91-4423-8479-92E4EE5C5128}.Release|Any CPU.ActiveCfg = Release|Any CPU
		{CE87F11E-6E91-4423-8479-92E4EE5C5128}.Release|Any CPU.Build.0 = Release|Any CPU
	EndGlobalSection
	GlobalSection(SolutionProperties) = preSolution
		HideSolutionNode = FALSE
	EndGlobalSection
	GlobalSection(ExtensibilityGlobals) = postSolution
		SolutionGuid = {7568B829-279A-46F7-8AB4-AC3EAF90FFBC}
	EndGlobalSection
EndGlobal
